github.com/delveper/env v0.0.0-20230305065811-9386fe8ee2f2 h1:mRtYPcEnfnPJKp4C3urUSNxJMhTSVThMph1Bws+pXng=
github.com/delveper/env v0.0.0-20230305065811-9386fe8ee2f2/go.mod h1:iczIjKL3Khdm8DTabmkIelhJ094Iz7btHA3GhwvXqJg=
github.com/hajimehoshi/vorbis v0.0.0-20161127202943-9581977ccb17 h1:kgz9E0TqPnD/HAh/3KNs23VIS6jQOJjISMLs4lkxaBg=
github.com/hajimehoshi/vorbis v0.0.0-20161127202943-9581977ccb17/go.mod h1:s5mFnRqZ30cbtCuIp9wC1PkGj0XwjIc9socPu/knNrA=
github.com/viert/go-lame v0.0.0-20201108052322-bb552596b11d h1:LptdD7GTUZeklomtW5vZ1AHwBvDBUCZ2Ftpaz7uEI7g=
github.com/viert/go-lame v0.0.0-20201108052322-bb552596b11d/go.mod h1:EqTcYM7y4JlSfeTI47pmNu3EZQuCuLQefsQyg1Imlz8=
mccoy.space/g/ogg v0.0.0-20221103053400-1ea94e6f3152 h1:p3Sx79jj5P979gSyMOoSftOXFPuGquvCZMzbOeV+8oE=
mccoy.space/g/ogg v0.0.0-20221103053400-1ea94e6f3152/go.mod h1:Fa7PeLv7azi4nCJLxrQ2SK7pqOEvqgt9deL4K/XZCA8=
