github.com/delveper/env v0.0.0-20230305065811-9386fe8ee2f2 h1:mRtYPcEnfnPJKp4C3urUSNxJMhTSVThMph1Bws+pXng=
github.com/delveper/env v0.0.0-20230305065811-9386fe8ee2f2/go.mod h1:iczIjKL3Khdm8DTabmkIelhJ094Iz7btHA3GhwvXqJg=
github.com/go-telegram-bot-api/telegram-bot-api/v5 v5.5.1 h1:wG8n/XJQ07TmjbITcGiUaOtXxdrINDz1b0J1w0SzqDc=
github.com/go-telegram-bot-api/telegram-bot-api/v5 v5.5.1/go.mod h1:A2S0CWkNylc2phvKXWBBdD3K0iGnDBGbzRpISP2zBl8=
