github.com/delveper/env v0.0.0-20230305065811-9386fe8ee2f2 h1:mRtYPcEnfnPJKp4C3urUSNxJMhTSVThMph1Bws+pXng=
github.com/delveper/env v0.0.0-20230305065811-9386fe8ee2f2/go.mod h1:iczIjKL3Khdm8DTabmkIelhJ094Iz7btHA3GhwvXqJg=
github.com/rs/xid v1.5.0 h1:mKX4bl4iPYJtEIxp6CYiUuLQ/8DYMoz0PUdtGgMFRVc=
github.com/rs/xid v1.5.0/go.mod h1:trrq9SKmegXys3aeAKXMUTdJsYXVwGY3RLcfgqegfbg=
